
Microsoft Visual Studio Solution File, Format Version 12.00
# Visual Studio Version 16
VisualStudioVersion = 16.0.31613.86
MinimumVisualStudioVersion = 10.0.40219.1
Project("{FAE04EC0-301F-11D3-BF4B-00C04F79EFBC}") = "WindowsFormsApp1", "WindowsFormsApp1\WindowsFormsApp1.csproj", "{360D5B44-1A22-4661-BA96-66AC2856E721}"
EndProject
Global
	GlobalSection(SolutionConfigurationPlatforms) = preSolution
		Debug|Any CPU = Debug|Any CPU
		Release|Any CPU = Release|Any CPU
	EndGlobalSection
	GlobalSection(ProjectConfigurationPlatforms) = postSolution
		{360D5B44-1A22-4661-BA96-66AC2856E721}.Debug|Any CPU.ActiveCfg = Debug|Any CPU
		{360D5B44-1A22-4661-BA96-66AC2856E721}.Debug|Any CPU.Build.0 = Debug|Any CPU
		{360D5B44-1A22-4661-BA96-66AC2856E721}.Release|Any CPU.ActiveCfg = Release|Any CPU
		{360D5B44-1A22-4661-BA96-66AC2856E721}.Release|Any CPU.Build.0 = Release|Any CPU
	EndGlobalSection
	GlobalSection(SolutionProperties) = preSolution
		HideSolutionNode = FALSE
	EndGlobalSection
	GlobalSection(ExtensibilityGlobals) = postSolution
		SolutionGuid = {33AD0E6C-432B-4F33-9C18-BB2BA18B711C}
	EndGlobalSection
EndGlobal
